<?xml version="1.0" encoding="utf-8"?>
<Project ToolsVersion="4.0" xmlns="http://schemas.microsoft.com/developer/msbuild/2003">
  <ItemGroup>
    <Filter Include="external">
      <UniqueIdentifier>{128f38cd-afba-45f6-921a-176cc6b658c0}</UniqueIdentifier>
    </Filter>
    <Filter Include="external\Indigo">
      <UniqueIdentifier>{dd918c95-cdbf-42a1-8374-0747c0634b03}</UniqueIdentifier>
    </Filter>
  </ItemGroup>
  <ItemGroup>
    <ClCompile Include="..\indigo_core_code\utils\clock.cpp">
      <Filter>external\Indigo</Filter>
    </ClCompile>
    <ClCompile Include="..\indigo_core_code\utils\fileutils.cpp">
      <Filter>external\Indigo</Filter>
    </ClCompile>
    <ClCompile Include="..\indigo_core_code\utils\Parser.cpp">
      <Filter>external\Indigo</Filter>
    </ClCompile>
    <ClCompile Include="..\indigo_core_code\utils\platformutils.cpp">
      <Filter>external\Indigo</Filter>
    </ClCompile>
    <ClCompile Include="..\indigo_core_code\utils\refcounted.cpp">
      <Filter>external\Indigo</Filter>
    </ClCompile>
    <ClCompile Include="..\indigo_core_code\utils\reference.cpp">
      <Filter>external\Indigo</Filter>
    </ClCompile>
    <ClCompile Include="..\indigo_core_code\utils\stringutils.cpp">
      <Filter>external\Indigo</Filter>
    </ClCompile>
    <ClCompile Include="..\indigo_core_code\utils\timer.cpp">
      <Filter>external\Indigo</Filter>
    </ClCompile>
    <ClCompile Include="..\BuiltInFunctionImpl.cpp" />
    <ClCompile Include="..\LanguageTests.cpp" />
    <ClCompile Include="..\Linker.cpp" />
    <ClCompile Include="..\LLVMTypeUtils.cpp" />
    <ClCompile Include="..\TokenBase.cpp" />
    <ClCompile Include="..\Value.cpp" />
    <ClCompile Include="..\VirtualMachine.cpp" />
    <ClCompile Include="..\winter.cpp" />
    <ClCompile Include="..\wnt_ASTNode.cpp" />
    <ClCompile Include="..\wnt_Diagnostics.cpp" />
    <ClCompile Include="..\wnt_ExternalFunction.cpp" />
    <ClCompile Include="..\wnt_Frame.cpp" />
    <ClCompile Include="..\wnt_FunctionDefinition.cpp" />
    <ClCompile Include="..\wnt_FunctionExpression.cpp" />
    <ClCompile Include="..\wnt_FunctionSignature.cpp" />
    <ClCompile Include="..\wnt_LangParser.cpp" />
    <ClCompile Include="..\wnt_Lexer.cpp" />
    <ClCompile Include="..\wnt_SourceBuffer.cpp" />
    <ClCompile Include="..\wnt_Type.cpp" />
  </ItemGroup>
  <ItemGroup>
    <ClInclude Include="..\indigo_core_code\utils\clock.h">
      <Filter>external\Indigo</Filter>
    </ClInclude>
    <ClInclude Include="..\indigo_core_code\utils\fileutils.h">
      <Filter>external\Indigo</Filter>
    </ClInclude>
    <ClInclude Include="..\indigo_core_code\utils\Parser.h">
      <Filter>external\Indigo</Filter>
    </ClInclude>
    <ClInclude Include="..\indigo_core_code\utils\platform.h">
      <Filter>external\Indigo</Filter>
    </ClInclude>
    <ClInclude Include="..\indigo_core_code\utils\platformutils.h">
      <Filter>external\Indigo</Filter>
    </ClInclude>
    <ClInclude Include="..\indigo_core_code\utils\refcounted.h">
      <Filter>external\Indigo</Filter>
    </ClInclude>
    <ClInclude Include="..\indigo_core_code\utils\reference.h">
      <Filter>external\Indigo</Filter>
    </ClInclude>
    <ClInclude Include="..\indigo_core_code\utils\stringutils.h">
      <Filter>external\Indigo</Filter>
    </ClInclude>
    <ClInclude Include="..\indigo_core_code\utils\timer.h">
      <Filter>external\Indigo</Filter>
    </ClInclude>
    <ClInclude Include="..\BaseException.h" />
    <ClInclude Include="..\BuiltInFunctionImp.h" />
    <ClInclude Include="..\BuiltInFunctionImpl.h" />
    <ClInclude Include="..\GeneratedTokens.h" />
    <ClInclude Include="..\LanguageTests.h" />
    <ClInclude Include="..\Linker.h" />
    <ClInclude Include="..\LLVMTypeUtils.h" />
    <ClInclude Include="..\TokenBase.h" />
    <ClInclude Include="..\Value.h" />
    <ClInclude Include="..\VirtualMachine.h" />
    <ClInclude Include="..\VMState.h" />
    <ClInclude Include="..\wnt_ASTNode.h" />
    <ClInclude Include="..\wnt_Diagnostics.h" />
    <ClInclude Include="..\wnt_ExternalFunction.h" />
    <ClInclude Include="..\wnt_Frame.h" />
    <ClInclude Include="..\wnt_FunctionDefinition.h" />
    <ClInclude Include="..\wnt_FunctionExpression.h" />
    <ClInclude Include="..\wnt_FunctionSignature.h" />
    <ClInclude Include="..\wnt_LangParser.h" />
    <ClInclude Include="..\wnt_Lexer.h" />
    <ClInclude Include="..\wnt_SourceBuffer.h" />
    <ClInclude Include="..\wnt_Type.h" />
  </ItemGroup>
  <ItemGroup>
    <None Include="..\grammar.txt" />
    <None Include="..\make_tokens.rb" />
    <None Include="..\notes.txt" />
    <None Include="..\test.win" />
    <None Include="..\todo.txt" />
  </ItemGroup>
</Project>